
Microsoft Visual Studio Solution File, Format Version 12.00
# Visual Studio Version 17
VisualStudioVersion = 17.3.32922.545
MinimumVisualStudioVersion = 10.0.40219.1
Project("{2150E333-8FDC-42A3-9474-1A3956D46DE8}") = "CleanArch.Application", "CleanArch.Application", "{6457873D-9F91-4FC9-8745-ABA67DFE632F}"
EndProject
Project("{2150E333-8FDC-42A3-9474-1A3956D46DE8}") = "CleanArch.Domain", "CleanArch.Domain", "{58E56081-BE2A-40A0-AB02-30E9F4B18ACB}"
EndProject
Project("{2150E333-8FDC-42A3-9474-1A3956D46DE8}") = "CleanArch.Infra.IoC", "CleanArch.Infra.IoC", "{73048AE4-ABCD-4647-920C-A6CD9B422A63}"
EndProject
Project("{2150E333-8FDC-42A3-9474-1A3956D46DE8}") = "leanArch.Infra.Data", "leanArch.Infra.Data", "{FE1A1CAA-6DFC-45BF-8675-3D390F42C043}"
EndProject
Project("{2150E333-8FDC-42A3-9474-1A3956D46DE8}") = "CleanArch.UI.MVC", "CleanArch.UI.MVC", "{812D11CE-9B0E-43A1-B4CE-212E96BD195B}"
EndProject
Global
	GlobalSection(SolutionProperties) = preSolution
		HideSolutionNode = FALSE
	EndGlobalSection
	GlobalSection(ExtensibilityGlobals) = postSolution
		SolutionGuid = {221C53B2-C7C4-41E1-B699-415B6B09E35D}
	EndGlobalSection
EndGlobal
